
Microsoft Visual Studio Solution File, Format Version 12.00
# Visual Studio 2013
VisualStudioVersion = 12.0.31101.0
MinimumVisualStudioVersion = 10.0.40219.1
Project("{FAE04EC0-301F-11D3-BF4B-00C04F79EFBC}") = "Ridection", "Ridection\Ridection.csproj", "{E86456AC-0F72-4469-95F4-73D814274900}"
EndProject
Global
	GlobalSection(SolutionConfigurationPlatforms) = preSolution
		Debug|Any CPU = Debug|Any CPU
		Release|Any CPU = Release|Any CPU
	EndGlobalSection
	GlobalSection(ProjectConfigurationPlatforms) = postSolution
		{E86456AC-0F72-4469-95F4-73D814274900}.Debug|Any CPU.ActiveCfg = Debug|Any CPU
		{E86456AC-0F72-4469-95F4-73D814274900}.Debug|Any CPU.Build.0 = Debug|Any CPU
		{E86456AC-0F72-4469-95F4-73D814274900}.Release|Any CPU.ActiveCfg = Release|Any CPU
		{E86456AC-0F72-4469-95F4-73D814274900}.Release|Any CPU.Build.0 = Release|Any CPU
	EndGlobalSection
	GlobalSection(SolutionProperties) = preSolution
		HideSolutionNode = FALSE
	EndGlobalSection
EndGlobal
